
Microsoft Visual Studio Solution File, Format Version 12.00
# Visual Studio Version 17
VisualStudioVersion = 17.3.32819.101
MinimumVisualStudioVersion = 10.0.40219.1
Project("{FAE04EC0-301F-11D3-BF4B-00C04F79EFBC}") = "WebServer", "WebServer\WebServer.csproj", "{E6E9D64C-460C-4D6C-AAF0-4A89C1087778}"
EndProject
Project("{FAE04EC0-301F-11D3-BF4B-00C04F79EFBC}") = "WPFClientApp", "WPFClientApp\WPFClientApp.csproj", "{651B02DE-02E0-4F3B-9368-F39CE06DAECC}"
EndProject
Project("{FAE04EC0-301F-11D3-BF4B-00C04F79EFBC}") = "ClientRemoting", "ClientRemoting\ClientRemoting.csproj", "{726CF79C-7BBB-4537-B47A-C73A18EB92D1}"
EndProject
Project("{FAE04EC0-301F-11D3-BF4B-00C04F79EFBC}") = "CommonData", "CommonData\CommonData.csproj", "{D6CE419E-C53B-4BA3-9E1B-C6B4B80AD53F}"
EndProject
Project("{FAE04EC0-301F-11D3-BF4B-00C04F79EFBC}") = "WebGui", "WebGui\WebGui.csproj", "{AD5B4758-C77D-4481-A9CC-478C82BD77DC}"
EndProject
Global
	GlobalSection(SolutionConfigurationPlatforms) = preSolution
		Debug|Any CPU = Debug|Any CPU
		Release|Any CPU = Release|Any CPU
	EndGlobalSection
	GlobalSection(ProjectConfigurationPlatforms) = postSolution
		{E6E9D64C-460C-4D6C-AAF0-4A89C1087778}.Debug|Any CPU.ActiveCfg = Debug|Any CPU
		{E6E9D64C-460C-4D6C-AAF0-4A89C1087778}.Debug|Any CPU.Build.0 = Debug|Any CPU
		{E6E9D64C-460C-4D6C-AAF0-4A89C1087778}.Release|Any CPU.ActiveCfg = Release|Any CPU
		{E6E9D64C-460C-4D6C-AAF0-4A89C1087778}.Release|Any CPU.Build.0 = Release|Any CPU
		{651B02DE-02E0-4F3B-9368-F39CE06DAECC}.Debug|Any CPU.ActiveCfg = Debug|Any CPU
		{651B02DE-02E0-4F3B-9368-F39CE06DAECC}.Debug|Any CPU.Build.0 = Debug|Any CPU
		{651B02DE-02E0-4F3B-9368-F39CE06DAECC}.Release|Any CPU.ActiveCfg = Release|Any CPU
		{651B02DE-02E0-4F3B-9368-F39CE06DAECC}.Release|Any CPU.Build.0 = Release|Any CPU
		{726CF79C-7BBB-4537-B47A-C73A18EB92D1}.Debug|Any CPU.ActiveCfg = Debug|Any CPU
		{726CF79C-7BBB-4537-B47A-C73A18EB92D1}.Debug|Any CPU.Build.0 = Debug|Any CPU
		{726CF79C-7BBB-4537-B47A-C73A18EB92D1}.Release|Any CPU.ActiveCfg = Release|Any CPU
		{726CF79C-7BBB-4537-B47A-C73A18EB92D1}.Release|Any CPU.Build.0 = Release|Any CPU
		{D6CE419E-C53B-4BA3-9E1B-C6B4B80AD53F}.Debug|Any CPU.ActiveCfg = Debug|Any CPU
		{D6CE419E-C53B-4BA3-9E1B-C6B4B80AD53F}.Debug|Any CPU.Build.0 = Debug|Any CPU
		{D6CE419E-C53B-4BA3-9E1B-C6B4B80AD53F}.Release|Any CPU.ActiveCfg = Release|Any CPU
		{D6CE419E-C53B-4BA3-9E1B-C6B4B80AD53F}.Release|Any CPU.Build.0 = Release|Any CPU
		{AD5B4758-C77D-4481-A9CC-478C82BD77DC}.Debug|Any CPU.ActiveCfg = Debug|Any CPU
		{AD5B4758-C77D-4481-A9CC-478C82BD77DC}.Debug|Any CPU.Build.0 = Debug|Any CPU
		{AD5B4758-C77D-4481-A9CC-478C82BD77DC}.Release|Any CPU.ActiveCfg = Release|Any CPU
		{AD5B4758-C77D-4481-A9CC-478C82BD77DC}.Release|Any CPU.Build.0 = Release|Any CPU
	EndGlobalSection
	GlobalSection(SolutionProperties) = preSolution
		HideSolutionNode = FALSE
	EndGlobalSection
	GlobalSection(ExtensibilityGlobals) = postSolution
		SolutionGuid = {0E4DB37A-1D38-48B7-AFDE-F8313ACB9C19}
	EndGlobalSection
EndGlobal
